# This file is automatically @generated by Cargo.
# It is not intended for manual editing.
version = 4

[[package]]
name = "e-ink-graphics-library"
version = "0.1.0"
dependencies = [
 "embedded-hal",
 "log",
 "ssd1680-rs",
]

[[package]]
name = "embedded-hal"
version = "1.0.0"
source = "registry+https://github.com/rust-lang/crates.io-index"
checksum = "361a90feb7004eca4019fb28352a9465666b24f840f5c3cddf0ff13920590b89"

[[package]]
name = "log"
version = "0.4.26"
source = "registry+https://github.com/rust-lang/crates.io-index"
checksum = "30bde2b3dc3671ae49d8e2e9f044c7c005836e7a023ee57cffa25ab82764bb9e"

[[package]]
name = "ssd1680-rs"
version = "0.1.0"
source = "git+https://github.com/nponsard/ssd1680-rs?rev=a5489ab8ea203b63ee70e70ff21b82c802df0c37#a5489ab8ea203b63ee70e70ff21b82c802df0c37"
dependencies = [
 "embedded-hal",
]
